
Microsoft Visual Studio Solution File, Format Version 12.00
# Visual Studio Version 17
VisualStudioVersion = 17.13.35825.156
MinimumVisualStudioVersion = 10.0.40219.1
Project("{FAE04EC0-301F-11D3-BF4B-00C04F79EFBC}") = "R.Tools.Requests", "R.Tools.Requests\R.Tools.Requests.csproj", "{044DB6E1-7C87-4508-82C8-13D71AA3A0F7}"
EndProject
Project("{FAE04EC0-301F-11D3-BF4B-00C04F79EFBC}") = "R.Tools.Requests.Sample", "R.Tools.Requests.Sample\R.Tools.Requests.Sample.csproj", "{D88CF0A5-3CDB-4BB2-BB5D-D24033ABC944}"
EndProject
Global
	GlobalSection(SolutionConfigurationPlatforms) = preSolution
		Debug|Any CPU = Debug|Any CPU
		Release|Any CPU = Release|Any CPU
	EndGlobalSection
	GlobalSection(ProjectConfigurationPlatforms) = postSolution
		{044DB6E1-7C87-4508-82C8-13D71AA3A0F7}.Debug|Any CPU.ActiveCfg = Debug|Any CPU
		{044DB6E1-7C87-4508-82C8-13D71AA3A0F7}.Debug|Any CPU.Build.0 = Debug|Any CPU
		{044DB6E1-7C87-4508-82C8-13D71AA3A0F7}.Release|Any CPU.ActiveCfg = Release|Any CPU
		{044DB6E1-7C87-4508-82C8-13D71AA3A0F7}.Release|Any CPU.Build.0 = Release|Any CPU
		{D88CF0A5-3CDB-4BB2-BB5D-D24033ABC944}.Debug|Any CPU.ActiveCfg = Debug|Any CPU
		{D88CF0A5-3CDB-4BB2-BB5D-D24033ABC944}.Debug|Any CPU.Build.0 = Debug|Any CPU
		{D88CF0A5-3CDB-4BB2-BB5D-D24033ABC944}.Release|Any CPU.ActiveCfg = Release|Any CPU
		{D88CF0A5-3CDB-4BB2-BB5D-D24033ABC944}.Release|Any CPU.Build.0 = Release|Any CPU
	EndGlobalSection
	GlobalSection(SolutionProperties) = preSolution
		HideSolutionNode = FALSE
	EndGlobalSection
	GlobalSection(ExtensibilityGlobals) = postSolution
		SolutionGuid = {222663BB-3A4C-4C94-AF80-B19921802243}
	EndGlobalSection
EndGlobal
